
Microsoft Visual Studio Solution File, Format Version 12.00
# Visual Studio Version 17
VisualStudioVersion = 17.5.33530.505
MinimumVisualStudioVersion = 10.0.40219.1
Project("{8BC9CEB8-8B4A-11D0-8D11-00A0C91BC942}") = "01Line", "01Line\01Line.vcxproj", "{099AC2D0-A70B-4AF4-890C-9F9D081C12E2}"
EndProject
Project("{8BC9CEB8-8B4A-11D0-8D11-00A0C91BC942}") = "02Ortho", "02Ortho\02Ortho.vcxproj", "{4A3B14CE-02C5-462C-B9FA-28A3790C9596}"
EndProject
Project("{8BC9CEB8-8B4A-11D0-8D11-00A0C91BC942}") = "03ObjectToWorld", "03ObjectToWorld\03ObjectToWorld.vcxproj", "{582E3866-58B5-44DD-A811-A011D6C9DAC3}"
EndProject
Project("{8BC9CEB8-8B4A-11D0-8D11-00A0C91BC942}") = "04Mouse", "04Mouse\04Mouse.vcxproj", "{358972F6-7B21-48F3-A658-73901DD148FD}"
EndProject
Project("{8BC9CEB8-8B4A-11D0-8D11-00A0C91BC942}") = "05Perspective", "05Perspective\05Perspective.vcxproj", "{D012B654-6BFB-4D70-B9A7-2B1F01961707}"
EndProject
Project("{8BC9CEB8-8B4A-11D0-8D11-00A0C91BC942}") = "06BackfaceCulling", "06BackfaceCulling\06BackfaceCulling.vcxproj", "{215E47C7-B09D-44D8-90E7-9CA1E56EABED}"
EndProject
Project("{8BC9CEB8-8B4A-11D0-8D11-00A0C91BC942}") = "07Camera", "07Camera\07Camera.vcxproj", "{C31480DB-677A-415C-B822-E9D54D623E69}"
EndProject
Project("{8BC9CEB8-8B4A-11D0-8D11-00A0C91BC942}") = "08Rasterizer", "08Rasterizer\08Rasterizer.vcxproj", "{2B1957DC-B4A0-4751-9EF8-3B2FB3A682E7}"
EndProject
Project("{8BC9CEB8-8B4A-11D0-8D11-00A0C91BC942}") = "09Barycentric", "09Barycentric\09Barycentric.vcxproj", "{EDFACCE4-F0F3-43FE-8EEA-7311D67C4C22}"
EndProject
Project("{8BC9CEB8-8B4A-11D0-8D11-00A0C91BC942}") = "10NormalInterpolation", "10NormalInterpolation\10NormalInterpolation.vcxproj", "{E8AD0B60-BD16-438A-BCFF-04F1FFC94D58}"
EndProject
Project("{8BC9CEB8-8B4A-11D0-8D11-00A0C91BC942}") = "11Texture", "11Texture\11Texture.vcxproj", "{B7B2F933-3DFB-474F-8E81-2D697384669E}"
EndProject
Project("{8BC9CEB8-8B4A-11D0-8D11-00A0C91BC942}") = "12DirectX11", "12DirectX11\12DirectX11.vcxproj", "{513FB746-E15A-4736-80A8-6FC19FCFAD2E}"
EndProject
Global
	GlobalSection(SolutionConfigurationPlatforms) = preSolution
		Debug|x64 = Debug|x64
		Release|x64 = Release|x64
	EndGlobalSection
	GlobalSection(ProjectConfigurationPlatforms) = postSolution
		{099AC2D0-A70B-4AF4-890C-9F9D081C12E2}.Debug|x64.ActiveCfg = Debug|x64
		{099AC2D0-A70B-4AF4-890C-9F9D081C12E2}.Debug|x64.Build.0 = Debug|x64
		{099AC2D0-A70B-4AF4-890C-9F9D081C12E2}.Release|x64.ActiveCfg = Release|x64
		{099AC2D0-A70B-4AF4-890C-9F9D081C12E2}.Release|x64.Build.0 = Release|x64
		{4A3B14CE-02C5-462C-B9FA-28A3790C9596}.Debug|x64.ActiveCfg = Debug|x64
		{4A3B14CE-02C5-462C-B9FA-28A3790C9596}.Debug|x64.Build.0 = Debug|x64
		{4A3B14CE-02C5-462C-B9FA-28A3790C9596}.Release|x64.ActiveCfg = Release|x64
		{4A3B14CE-02C5-462C-B9FA-28A3790C9596}.Release|x64.Build.0 = Release|x64
		{582E3866-58B5-44DD-A811-A011D6C9DAC3}.Debug|x64.ActiveCfg = Debug|x64
		{582E3866-58B5-44DD-A811-A011D6C9DAC3}.Debug|x64.Build.0 = Debug|x64
		{582E3866-58B5-44DD-A811-A011D6C9DAC3}.Release|x64.ActiveCfg = Release|x64
		{582E3866-58B5-44DD-A811-A011D6C9DAC3}.Release|x64.Build.0 = Release|x64
		{358972F6-7B21-48F3-A658-73901DD148FD}.Debug|x64.ActiveCfg = Debug|x64
		{358972F6-7B21-48F3-A658-73901DD148FD}.Debug|x64.Build.0 = Debug|x64
		{358972F6-7B21-48F3-A658-73901DD148FD}.Release|x64.ActiveCfg = Release|x64
		{358972F6-7B21-48F3-A658-73901DD148FD}.Release|x64.Build.0 = Release|x64
		{D012B654-6BFB-4D70-B9A7-2B1F01961707}.Debug|x64.ActiveCfg = Debug|x64
		{D012B654-6BFB-4D70-B9A7-2B1F01961707}.Debug|x64.Build.0 = Debug|x64
		{D012B654-6BFB-4D70-B9A7-2B1F01961707}.Release|x64.ActiveCfg = Release|x64
		{D012B654-6BFB-4D70-B9A7-2B1F01961707}.Release|x64.Build.0 = Release|x64
		{215E47C7-B09D-44D8-90E7-9CA1E56EABED}.Debug|x64.ActiveCfg = Debug|x64
		{215E47C7-B09D-44D8-90E7-9CA1E56EABED}.Debug|x64.Build.0 = Debug|x64
		{215E47C7-B09D-44D8-90E7-9CA1E56EABED}.Release|x64.ActiveCfg = Release|x64
		{215E47C7-B09D-44D8-90E7-9CA1E56EABED}.Release|x64.Build.0 = Release|x64
		{C31480DB-677A-415C-B822-E9D54D623E69}.Debug|x64.ActiveCfg = Debug|x64
		{C31480DB-677A-415C-B822-E9D54D623E69}.Debug|x64.Build.0 = Debug|x64
		{C31480DB-677A-415C-B822-E9D54D623E69}.Release|x64.ActiveCfg = Release|x64
		{C31480DB-677A-415C-B822-E9D54D623E69}.Release|x64.Build.0 = Release|x64
		{2B1957DC-B4A0-4751-9EF8-3B2FB3A682E7}.Debug|x64.ActiveCfg = Debug|x64
		{2B1957DC-B4A0-4751-9EF8-3B2FB3A682E7}.Debug|x64.Build.0 = Debug|x64
		{2B1957DC-B4A0-4751-9EF8-3B2FB3A682E7}.Release|x64.ActiveCfg = Release|x64
		{2B1957DC-B4A0-4751-9EF8-3B2FB3A682E7}.Release|x64.Build.0 = Release|x64
		{EDFACCE4-F0F3-43FE-8EEA-7311D67C4C22}.Debug|x64.ActiveCfg = Debug|x64
		{EDFACCE4-F0F3-43FE-8EEA-7311D67C4C22}.Debug|x64.Build.0 = Debug|x64
		{EDFACCE4-F0F3-43FE-8EEA-7311D67C4C22}.Release|x64.ActiveCfg = Release|x64
		{EDFACCE4-F0F3-43FE-8EEA-7311D67C4C22}.Release|x64.Build.0 = Release|x64
		{E8AD0B60-BD16-438A-BCFF-04F1FFC94D58}.Debug|x64.ActiveCfg = Debug|x64
		{E8AD0B60-BD16-438A-BCFF-04F1FFC94D58}.Debug|x64.Build.0 = Debug|x64
		{E8AD0B60-BD16-438A-BCFF-04F1FFC94D58}.Release|x64.ActiveCfg = Release|x64
		{E8AD0B60-BD16-438A-BCFF-04F1FFC94D58}.Release|x64.Build.0 = Release|x64
		{B7B2F933-3DFB-474F-8E81-2D697384669E}.Debug|x64.ActiveCfg = Debug|x64
		{B7B2F933-3DFB-474F-8E81-2D697384669E}.Debug|x64.Build.0 = Debug|x64
		{B7B2F933-3DFB-474F-8E81-2D697384669E}.Release|x64.ActiveCfg = Release|x64
		{B7B2F933-3DFB-474F-8E81-2D697384669E}.Release|x64.Build.0 = Release|x64
		{513FB746-E15A-4736-80A8-6FC19FCFAD2E}.Debug|x64.ActiveCfg = Debug|x64
		{513FB746-E15A-4736-80A8-6FC19FCFAD2E}.Debug|x64.Build.0 = Debug|x64
		{513FB746-E15A-4736-80A8-6FC19FCFAD2E}.Release|x64.ActiveCfg = Release|x64
		{513FB746-E15A-4736-80A8-6FC19FCFAD2E}.Release|x64.Build.0 = Release|x64
	EndGlobalSection
	GlobalSection(SolutionProperties) = preSolution
		HideSolutionNode = FALSE
	EndGlobalSection
	GlobalSection(ExtensibilityGlobals) = postSolution
		SolutionGuid = {E7E6F9B6-82B7-4EE9-8019-2E74EEA53C65}
	EndGlobalSection
EndGlobal
