<?xml version="1.0" encoding="utf-8"?>
<Project ToolsVersion="4.0" xmlns="http://schemas.microsoft.com/developer/msbuild/2003">
  <ItemGroup>
    <Filter Include="pch">
      <UniqueIdentifier>{b5faa9fb-9120-4ddc-b771-23adb3293244}</UniqueIdentifier>
    </Filter>
    <Filter Include="Enums">
      <UniqueIdentifier>{d76bb682-f3ea-4208-9cff-2a74cf882e70}</UniqueIdentifier>
    </Filter>
    <Filter Include="Window">
      <UniqueIdentifier>{5fed9364-dedc-494b-a445-bebe83fb1e11}</UniqueIdentifier>
    </Filter>
  </ItemGroup>
  <ItemGroup>
    <ClCompile Include="$(MSBuildThisFileDirectory)pch.cpp">
      <Filter>pch</Filter>
    </ClCompile>
    <ClCompile Include="$(MSBuildThisFileDirectory)Window.cpp">
      <Filter>Window</Filter>
    </ClCompile>
    <ClCompile Include="$(MSBuildThisFileDirectory)WindowClass.cpp">
      <Filter>Window</Filter>
    </ClCompile>
  </ItemGroup>
  <ItemGroup>
    <ClInclude Include="$(MSBuildThisFileDirectory)pch.h">
      <Filter>pch</Filter>
    </ClInclude>
    <ClInclude Include="$(MSBuildThisFileDirectory)Concepts.h" />
    <ClInclude Include="$(MSBuildThisFileDirectory)CursorMode.h">
      <Filter>Enums</Filter>
    </ClInclude>
    <ClInclude Include="$(MSBuildThisFileDirectory)MouseButton.h">
      <Filter>Enums</Filter>
    </ClInclude>
    <ClInclude Include="$(MSBuildThisFileDirectory)Window.h">
      <Filter>Window</Filter>
    </ClInclude>
    <ClInclude Include="$(MSBuildThisFileDirectory)WindowClass.h">
      <Filter>Window</Filter>
    </ClInclude>
  </ItemGroup>
</Project>